<Solution>
  <Folder Name="/Bootstrapper/">
    <Project Path="Bootstrapper/Api/Api.csproj" Id="4c4eec08-6b4e-4f56-aff4-6c5ac30bef97" />
  </Folder>
  <Folder Name="/Modules/" />
  <Folder Name="/Modules/Basket/">
    <Project Path="Modules/Basket/Basket/Basket.csproj" Id="2de06cd9-4dff-463f-93bf-c127289bafef" />
  </Folder>
  <Folder Name="/Modules/Catalog/">
    <Project Path="Modules/Catalog/Catalog.Contracts/Catalog.Contracts.csproj" Id="745baf0d-df4f-4fc5-b806-17ea5b0e4a66" />
    <Project Path="Modules/Catalog/Catalog/Catalog.csproj" Id="96bd4621-54e3-4272-a69a-3349ea698562" />
  </Folder>
  <Folder Name="/Modules/Ordering/">
    <Project Path="Modules/Ordering/Ordering/Ordering.csproj" Id="545803a0-4bfc-4672-8e39-3762a3746fd4" />
  </Folder>
  <Folder Name="/Modules/Tenancy/">
    <Project Path="../Tenancy/Tenancy.csproj" Id="7e121fcb-704b-4fab-8988-cfdf29acff70" />
  </Folder>
  <Folder Name="/Shared/">
    <Project Path="Shared/Shared.Contracts/Shared.Contracts.csproj" Id="63a68fa9-d952-41b9-b22d-cee0a6d140e9" />
    <Project Path="Shared/Shared/Shared.csproj" Id="2c9fe382-c286-46fc-a695-5515bc16848e" />
  </Folder>
  <Project Path="docker-compose.dcproj">
    <Build />
  </Project>
</Solution>
